
Microsoft Visual Studio Solution File, Format Version 12.00
# Visual Studio 15
VisualStudioVersion = 15.0.28010.2041
MinimumVisualStudioVersion = 10.0.40219.1
Project("{FAE04EC0-301F-11D3-BF4B-00C04F79EFBC}") = "PrintCrosshairSample", "PrintCrosshairSample\PrintCrosshairSample.csproj", "{EF765D55-FD2D-4EA5-AB49-73233A6FB99C}"
EndProject
Global
	GlobalSection(SolutionConfigurationPlatforms) = preSolution
		Debug|Any CPU = Debug|Any CPU
		Release|Any CPU = Release|Any CPU
	EndGlobalSection
	GlobalSection(ProjectConfigurationPlatforms) = postSolution
		{EF765D55-FD2D-4EA5-AB49-73233A6FB99C}.Debug|Any CPU.ActiveCfg = Debug|Any CPU
		{EF765D55-FD2D-4EA5-AB49-73233A6FB99C}.Debug|Any CPU.Build.0 = Debug|Any CPU
		{EF765D55-FD2D-4EA5-AB49-73233A6FB99C}.Release|Any CPU.ActiveCfg = Release|Any CPU
		{EF765D55-FD2D-4EA5-AB49-73233A6FB99C}.Release|Any CPU.Build.0 = Release|Any CPU
	EndGlobalSection
	GlobalSection(SolutionProperties) = preSolution
		HideSolutionNode = FALSE
	EndGlobalSection
	GlobalSection(ExtensibilityGlobals) = postSolution
		SolutionGuid = {125072EC-BF8B-45B4-99EA-70423C82FE9D}
	EndGlobalSection
EndGlobal
